
Microsoft Visual Studio Solution File, Format Version 12.00
# Visual Studio Version 16
VisualStudioVersion = 16.0.30621.155
MinimumVisualStudioVersion = 15.0.26124.0
Project("{9A19103F-16F7-4668-BE54-9A1E7A4F7556}") = "TareasAPI", "TareasAPI\TareasAPI.csproj", "{E89595D6-BF5C-4E39-BC2F-503652AF5B43}"
EndProject
Project("{9A19103F-16F7-4668-BE54-9A1E7A4F7556}") = "WatchDog", "WatchDog\WatchDog.csproj", "{6A945541-6342-49D8-93C9-781B08189824}"
EndProject
Project("{9A19103F-16F7-4668-BE54-9A1E7A4F7556}") = "Infrastructure", "Infrastructure\Infrastructure.csproj", "{F36E950E-C082-4C2A-AF3F-95E85A2662BD}"
EndProject
Project("{9A19103F-16F7-4668-BE54-9A1E7A4F7556}") = "ApplicationCore", "ApplicationCore\ApplicationCore.csproj", "{07398AC1-149B-428F-BADC-427C2C84F41A}"
EndProject
Project("{9A19103F-16F7-4668-BE54-9A1E7A4F7556}") = "LogWorkerService", "LogWorkerService\LogWorkerService.csproj", "{E18BA5BB-8121-4148-BF4B-8AC993968389}"
EndProject
Project("{9A19103F-16F7-4668-BE54-9A1E7A4F7556}") = "TareasWeb", "TareasWeb\TareasWeb.csproj", "{084AF581-E5D7-4B54-A298-5AE1EC06F63A}"
EndProject
Project("{FAE04EC0-301F-11D3-BF4B-00C04F79EFBC}") = "IntegrationTest", "IntegrationTest\IntegrationTest.csproj", "{0B4BB9AE-FA5D-4F4B-AF1A-8C8C76591AA8}"
EndProject
Global
	GlobalSection(SolutionConfigurationPlatforms) = preSolution
		Debug|Any CPU = Debug|Any CPU
		Debug|x64 = Debug|x64
		Debug|x86 = Debug|x86
		Release|Any CPU = Release|Any CPU
		Release|x64 = Release|x64
		Release|x86 = Release|x86
	EndGlobalSection
	GlobalSection(ProjectConfigurationPlatforms) = postSolution
		{E89595D6-BF5C-4E39-BC2F-503652AF5B43}.Debug|Any CPU.ActiveCfg = Debug|Any CPU
		{E89595D6-BF5C-4E39-BC2F-503652AF5B43}.Debug|Any CPU.Build.0 = Debug|Any CPU
		{E89595D6-BF5C-4E39-BC2F-503652AF5B43}.Debug|x64.ActiveCfg = Debug|Any CPU
		{E89595D6-BF5C-4E39-BC2F-503652AF5B43}.Debug|x64.Build.0 = Debug|Any CPU
		{E89595D6-BF5C-4E39-BC2F-503652AF5B43}.Debug|x86.ActiveCfg = Debug|Any CPU
		{E89595D6-BF5C-4E39-BC2F-503652AF5B43}.Debug|x86.Build.0 = Debug|Any CPU
		{E89595D6-BF5C-4E39-BC2F-503652AF5B43}.Release|Any CPU.ActiveCfg = Release|Any CPU
		{E89595D6-BF5C-4E39-BC2F-503652AF5B43}.Release|Any CPU.Build.0 = Release|Any CPU
		{E89595D6-BF5C-4E39-BC2F-503652AF5B43}.Release|x64.ActiveCfg = Release|Any CPU
		{E89595D6-BF5C-4E39-BC2F-503652AF5B43}.Release|x64.Build.0 = Release|Any CPU
		{E89595D6-BF5C-4E39-BC2F-503652AF5B43}.Release|x86.ActiveCfg = Release|Any CPU
		{E89595D6-BF5C-4E39-BC2F-503652AF5B43}.Release|x86.Build.0 = Release|Any CPU
		{6A945541-6342-49D8-93C9-781B08189824}.Debug|Any CPU.ActiveCfg = Debug|Any CPU
		{6A945541-6342-49D8-93C9-781B08189824}.Debug|Any CPU.Build.0 = Debug|Any CPU
		{6A945541-6342-49D8-93C9-781B08189824}.Debug|x64.ActiveCfg = Debug|Any CPU
		{6A945541-6342-49D8-93C9-781B08189824}.Debug|x64.Build.0 = Debug|Any CPU
		{6A945541-6342-49D8-93C9-781B08189824}.Debug|x86.ActiveCfg = Debug|Any CPU
		{6A945541-6342-49D8-93C9-781B08189824}.Debug|x86.Build.0 = Debug|Any CPU
		{6A945541-6342-49D8-93C9-781B08189824}.Release|Any CPU.ActiveCfg = Release|Any CPU
		{6A945541-6342-49D8-93C9-781B08189824}.Release|Any CPU.Build.0 = Release|Any CPU
		{6A945541-6342-49D8-93C9-781B08189824}.Release|x64.ActiveCfg = Release|Any CPU
		{6A945541-6342-49D8-93C9-781B08189824}.Release|x64.Build.0 = Release|Any CPU
		{6A945541-6342-49D8-93C9-781B08189824}.Release|x86.ActiveCfg = Release|Any CPU
		{6A945541-6342-49D8-93C9-781B08189824}.Release|x86.Build.0 = Release|Any CPU
		{F36E950E-C082-4C2A-AF3F-95E85A2662BD}.Debug|Any CPU.ActiveCfg = Debug|Any CPU
		{F36E950E-C082-4C2A-AF3F-95E85A2662BD}.Debug|Any CPU.Build.0 = Debug|Any CPU
		{F36E950E-C082-4C2A-AF3F-95E85A2662BD}.Debug|x64.ActiveCfg = Debug|Any CPU
		{F36E950E-C082-4C2A-AF3F-95E85A2662BD}.Debug|x64.Build.0 = Debug|Any CPU
		{F36E950E-C082-4C2A-AF3F-95E85A2662BD}.Debug|x86.ActiveCfg = Debug|Any CPU
		{F36E950E-C082-4C2A-AF3F-95E85A2662BD}.Debug|x86.Build.0 = Debug|Any CPU
		{F36E950E-C082-4C2A-AF3F-95E85A2662BD}.Release|Any CPU.ActiveCfg = Release|Any CPU
		{F36E950E-C082-4C2A-AF3F-95E85A2662BD}.Release|Any CPU.Build.0 = Release|Any CPU
		{F36E950E-C082-4C2A-AF3F-95E85A2662BD}.Release|x64.ActiveCfg = Release|Any CPU
		{F36E950E-C082-4C2A-AF3F-95E85A2662BD}.Release|x64.Build.0 = Release|Any CPU
		{F36E950E-C082-4C2A-AF3F-95E85A2662BD}.Release|x86.ActiveCfg = Release|Any CPU
		{F36E950E-C082-4C2A-AF3F-95E85A2662BD}.Release|x86.Build.0 = Release|Any CPU
		{07398AC1-149B-428F-BADC-427C2C84F41A}.Debug|Any CPU.ActiveCfg = Debug|Any CPU
		{07398AC1-149B-428F-BADC-427C2C84F41A}.Debug|Any CPU.Build.0 = Debug|Any CPU
		{07398AC1-149B-428F-BADC-427C2C84F41A}.Debug|x64.ActiveCfg = Debug|Any CPU
		{07398AC1-149B-428F-BADC-427C2C84F41A}.Debug|x64.Build.0 = Debug|Any CPU
		{07398AC1-149B-428F-BADC-427C2C84F41A}.Debug|x86.ActiveCfg = Debug|Any CPU
		{07398AC1-149B-428F-BADC-427C2C84F41A}.Debug|x86.Build.0 = Debug|Any CPU
		{07398AC1-149B-428F-BADC-427C2C84F41A}.Release|Any CPU.ActiveCfg = Release|Any CPU
		{07398AC1-149B-428F-BADC-427C2C84F41A}.Release|Any CPU.Build.0 = Release|Any CPU
		{07398AC1-149B-428F-BADC-427C2C84F41A}.Release|x64.ActiveCfg = Release|Any CPU
		{07398AC1-149B-428F-BADC-427C2C84F41A}.Release|x64.Build.0 = Release|Any CPU
		{07398AC1-149B-428F-BADC-427C2C84F41A}.Release|x86.ActiveCfg = Release|Any CPU
		{07398AC1-149B-428F-BADC-427C2C84F41A}.Release|x86.Build.0 = Release|Any CPU
		{E18BA5BB-8121-4148-BF4B-8AC993968389}.Debug|Any CPU.ActiveCfg = Debug|Any CPU
		{E18BA5BB-8121-4148-BF4B-8AC993968389}.Debug|Any CPU.Build.0 = Debug|Any CPU
		{E18BA5BB-8121-4148-BF4B-8AC993968389}.Debug|x64.ActiveCfg = Debug|Any CPU
		{E18BA5BB-8121-4148-BF4B-8AC993968389}.Debug|x64.Build.0 = Debug|Any CPU
		{E18BA5BB-8121-4148-BF4B-8AC993968389}.Debug|x86.ActiveCfg = Debug|Any CPU
		{E18BA5BB-8121-4148-BF4B-8AC993968389}.Debug|x86.Build.0 = Debug|Any CPU
		{E18BA5BB-8121-4148-BF4B-8AC993968389}.Release|Any CPU.ActiveCfg = Release|Any CPU
		{E18BA5BB-8121-4148-BF4B-8AC993968389}.Release|Any CPU.Build.0 = Release|Any CPU
		{E18BA5BB-8121-4148-BF4B-8AC993968389}.Release|x64.ActiveCfg = Release|Any CPU
		{E18BA5BB-8121-4148-BF4B-8AC993968389}.Release|x64.Build.0 = Release|Any CPU
		{E18BA5BB-8121-4148-BF4B-8AC993968389}.Release|x86.ActiveCfg = Release|Any CPU
		{E18BA5BB-8121-4148-BF4B-8AC993968389}.Release|x86.Build.0 = Release|Any CPU
		{084AF581-E5D7-4B54-A298-5AE1EC06F63A}.Debug|Any CPU.ActiveCfg = Debug|Any CPU
		{084AF581-E5D7-4B54-A298-5AE1EC06F63A}.Debug|Any CPU.Build.0 = Debug|Any CPU
		{084AF581-E5D7-4B54-A298-5AE1EC06F63A}.Debug|x64.ActiveCfg = Debug|Any CPU
		{084AF581-E5D7-4B54-A298-5AE1EC06F63A}.Debug|x64.Build.0 = Debug|Any CPU
		{084AF581-E5D7-4B54-A298-5AE1EC06F63A}.Debug|x86.ActiveCfg = Debug|Any CPU
		{084AF581-E5D7-4B54-A298-5AE1EC06F63A}.Debug|x86.Build.0 = Debug|Any CPU
		{084AF581-E5D7-4B54-A298-5AE1EC06F63A}.Release|Any CPU.ActiveCfg = Release|Any CPU
		{084AF581-E5D7-4B54-A298-5AE1EC06F63A}.Release|Any CPU.Build.0 = Release|Any CPU
		{084AF581-E5D7-4B54-A298-5AE1EC06F63A}.Release|x64.ActiveCfg = Release|Any CPU
		{084AF581-E5D7-4B54-A298-5AE1EC06F63A}.Release|x64.Build.0 = Release|Any CPU
		{084AF581-E5D7-4B54-A298-5AE1EC06F63A}.Release|x86.ActiveCfg = Release|Any CPU
		{084AF581-E5D7-4B54-A298-5AE1EC06F63A}.Release|x86.Build.0 = Release|Any CPU
		{0B4BB9AE-FA5D-4F4B-AF1A-8C8C76591AA8}.Debug|Any CPU.ActiveCfg = Debug|Any CPU
		{0B4BB9AE-FA5D-4F4B-AF1A-8C8C76591AA8}.Debug|Any CPU.Build.0 = Debug|Any CPU
		{0B4BB9AE-FA5D-4F4B-AF1A-8C8C76591AA8}.Debug|x64.ActiveCfg = Debug|Any CPU
		{0B4BB9AE-FA5D-4F4B-AF1A-8C8C76591AA8}.Debug|x64.Build.0 = Debug|Any CPU
		{0B4BB9AE-FA5D-4F4B-AF1A-8C8C76591AA8}.Debug|x86.ActiveCfg = Debug|Any CPU
		{0B4BB9AE-FA5D-4F4B-AF1A-8C8C76591AA8}.Debug|x86.Build.0 = Debug|Any CPU
		{0B4BB9AE-FA5D-4F4B-AF1A-8C8C76591AA8}.Release|Any CPU.ActiveCfg = Release|Any CPU
		{0B4BB9AE-FA5D-4F4B-AF1A-8C8C76591AA8}.Release|Any CPU.Build.0 = Release|Any CPU
		{0B4BB9AE-FA5D-4F4B-AF1A-8C8C76591AA8}.Release|x64.ActiveCfg = Release|Any CPU
		{0B4BB9AE-FA5D-4F4B-AF1A-8C8C76591AA8}.Release|x64.Build.0 = Release|Any CPU
		{0B4BB9AE-FA5D-4F4B-AF1A-8C8C76591AA8}.Release|x86.ActiveCfg = Release|Any CPU
		{0B4BB9AE-FA5D-4F4B-AF1A-8C8C76591AA8}.Release|x86.Build.0 = Release|Any CPU
	EndGlobalSection
	GlobalSection(SolutionProperties) = preSolution
		HideSolutionNode = FALSE
	EndGlobalSection
	GlobalSection(ExtensibilityGlobals) = postSolution
		SolutionGuid = {396B4F52-11DC-4417-9DE4-4CE4B8105F0A}
	EndGlobalSection
EndGlobal
